
Microsoft Visual Studio Solution File, Format Version 12.00
# Visual Studio Version 16
VisualStudioVersion = 16.0.30907.101
MinimumVisualStudioVersion = 10.0.40219.1
Project("{FAE04EC0-301F-11D3-BF4B-00C04F79EFBC}") = "CodeLibrary.Test", "CodeLibrary.Test\CodeLibrary.Test.csproj", "{88B1EFE3-3371-453A-A42F-2975D13F7A78}"
EndProject
Project("{FAE04EC0-301F-11D3-BF4B-00C04F79EFBC}") = "CodeLibrary", "CodeLibrary\CodeLibrary.csproj", "{8DC74047-05E3-416F-907D-51CDE64C1F2B}"
EndProject
Global
	GlobalSection(SolutionConfigurationPlatforms) = preSolution
		Debug|Any CPU = Debug|Any CPU
		Release|Any CPU = Release|Any CPU
	EndGlobalSection
	GlobalSection(ProjectConfigurationPlatforms) = postSolution
		{88B1EFE3-3371-453A-A42F-2975D13F7A78}.Debug|Any CPU.ActiveCfg = Debug|Any CPU
		{88B1EFE3-3371-453A-A42F-2975D13F7A78}.Debug|Any CPU.Build.0 = Debug|Any CPU
		{88B1EFE3-3371-453A-A42F-2975D13F7A78}.Release|Any CPU.ActiveCfg = Release|Any CPU
		{88B1EFE3-3371-453A-A42F-2975D13F7A78}.Release|Any CPU.Build.0 = Release|Any CPU
		{8DC74047-05E3-416F-907D-51CDE64C1F2B}.Debug|Any CPU.ActiveCfg = Debug|Any CPU
		{8DC74047-05E3-416F-907D-51CDE64C1F2B}.Debug|Any CPU.Build.0 = Debug|Any CPU
		{8DC74047-05E3-416F-907D-51CDE64C1F2B}.Release|Any CPU.ActiveCfg = Release|Any CPU
		{8DC74047-05E3-416F-907D-51CDE64C1F2B}.Release|Any CPU.Build.0 = Release|Any CPU
	EndGlobalSection
	GlobalSection(SolutionProperties) = preSolution
		HideSolutionNode = FALSE
	EndGlobalSection
	GlobalSection(ExtensibilityGlobals) = postSolution
		SolutionGuid = {2B687953-793E-4BAF-A7D1-A7D7799CD0FD}
	EndGlobalSection
EndGlobal
